PODS:
  - Flutter (1.0.0)
  - shanyan (1.0.8):
    - Flutter

DEPENDENCIES:
  - Flutter (from `Flutter`)
  - shanyan (from `.symlinks/plugins/shanyan/ios`)

EXTERNAL SOURCES:
  Flutter:
    :path: Flutter
  shanyan:
    :path: ".symlinks/plugins/shanyan/ios"

SPEC CHECKSUMS:
  Flutter: cabc95a1d2626b1b06e7179b784ebcf0c0cde467
  shanyan: 659e8ace5874bb6e886ce57ca04b0c838cfa9e0a

PODFILE CHECKSUM: 1a782344d33c12ced0182eeab11e8668d253eb48

COCOAPODS: 1.16.2
